{
  "name": "API",
  "lockfileVersion": 2,
  "requires": true,
  "packages": {
    "": {
      "dependencies": {
        "jquery-particles": "^2.9.3",
        "tsparticles-engine": "^2.9.3"
      }
    },
    "node_modules/jquery": {
      "version": "3.6.4",
      "resolved": "https://registry.npmjs.org/jquery/-/jquery-3.6.4.tgz",
      "integrity": "sha512-v28EW9DWDFpzcD9O5iyJXg3R3+q+mET5JhnjJzQUZMHOv67bpSIHq81GEYpPNZHG+XXHsfSme3nxp/hndKEcsQ==",
      "peer": true
    },
    "node_modules/jquery-particles": {
      "version": "2.9.3",
      "resolved": "https://registry.npmjs.org/jquery-particles/-/jquery-particles-2.9.3.tgz",
      "integrity": "sha512-NO2aTIrvJH1ied9wxrIBqtwcaQY3guN7MHSD2UzCQEslpqGEzBdDKE54I2Y5fpDeolfaC7QF2WO+6Tvq2V7j6Q==",
      "funding": [
        {
          "type": "github",
          "url": "https://github.com/sponsors/matteobruni"
        },
        {
          "type": "buymeacoffee",
          "url": "https://www.buymeacoffee.com/matteobruni"
        }
      ],
      "dependencies": {
        "tsparticles-engine": "^2.9.3"
      },
      "peerDependencies": {
        "jquery": "*"
      }
    },
    "node_modules/tsparticles-engine": {
      "version": "2.9.3",
      "resolved": "https://registry.npmjs.org/tsparticles-engine/-/tsparticles-engine-2.9.3.tgz",
      "integrity": "sha512-iAD8LyRH//kx10fDMm6AfQV6dRHs1ZacUUHqVwfutcqM4x1IV2ygpjk0X87LKCnBxYeIMG78+tlxXpnpwUccOg==",
      "funding": [
        {
          "type": "github",
          "url": "https://github.com/sponsors/matteobruni"
        },
        {
          "type": "buymeacoffee",
          "url": "https://www.buymeacoffee.com/matteobruni"
        }
      ],
      "hasInstallScript": true
    }
  },
  "dependencies": {
    "jquery": {
      "version": "3.6.4",
      "resolved": "https://registry.npmjs.org/jquery/-/jquery-3.6.4.tgz",
      "integrity": "sha512-v28EW9DWDFpzcD9O5iyJXg3R3+q+mET5JhnjJzQUZMHOv67bpSIHq81GEYpPNZHG+XXHsfSme3nxp/hndKEcsQ==",
      "peer": true
    },
    "jquery-particles": {
      "version": "2.9.3",
      "resolved": "https://registry.npmjs.org/jquery-particles/-/jquery-particles-2.9.3.tgz",
      "integrity": "sha512-NO2aTIrvJH1ied9wxrIBqtwcaQY3guN7MHSD2UzCQEslpqGEzBdDKE54I2Y5fpDeolfaC7QF2WO+6Tvq2V7j6Q==",
      "requires": {
        "tsparticles-engine": "^2.9.3"
      }
    },
    "tsparticles-engine": {
      "version": "2.9.3",
      "resolved": "https://registry.npmjs.org/tsparticles-engine/-/tsparticles-engine-2.9.3.tgz",
      "integrity": "sha512-iAD8LyRH//kx10fDMm6AfQV6dRHs1ZacUUHqVwfutcqM4x1IV2ygpjk0X87LKCnBxYeIMG78+tlxXpnpwUccOg=="
    }
  }
}
